
Microsoft Visual Studio Solution File, Format Version 12.00
# Visual Studio 2012
Project("{FAE04EC0-301F-11D3-BF4B-00C04F79EFBC}") = "EtalonLibrary", "EtalonLibrary\EtalonLibrary.csproj", "{C875D0FF-7B51-4F07-82CA-71C387C29BFE}"
EndProject
Project("{FAE04EC0-301F-11D3-BF4B-00C04F79EFBC}") = "EtalonConsole", "EtalonConsole\EtalonConsole.csproj", "{338461C9-3DAA-402A-81C4-2C3CC0A5557D}"
EndProject
Project("{FAE04EC0-301F-11D3-BF4B-00C04F79EFBC}") = "EtalonTestProject", "EtalonTestProject\EtalonTestProject.csproj", "{8CEE8B5E-8F89-4C49-8794-1E1B28C992AD}"
EndProject
Project("{2150E333-8FDC-42A3-9474-1A3956D46DE8}") = ".nuget", ".nuget", "{9EC2F6D3-8747-4E71-8FA6-C31DAA34579D}"
	ProjectSection(SolutionItems) = preProject
		.nuget\NuGet.Config = .nuget\NuGet.Config
		.nuget\NuGet.exe = .nuget\NuGet.exe
		.nuget\NuGet.targets = .nuget\NuGet.targets
	EndProjectSection
EndProject
Global
	GlobalSection(SolutionConfigurationPlatforms) = preSolution
		Debug|Any CPU = Debug|Any CPU
		Release|Any CPU = Release|Any CPU
	EndGlobalSection
	GlobalSection(ProjectConfigurationPlatforms) = postSolution
		{C875D0FF-7B51-4F07-82CA-71C387C29BFE}.Debug|Any CPU.ActiveCfg = Debug|Any CPU
		{C875D0FF-7B51-4F07-82CA-71C387C29BFE}.Debug|Any CPU.Build.0 = Debug|Any CPU
		{C875D0FF-7B51-4F07-82CA-71C387C29BFE}.Release|Any CPU.ActiveCfg = Release|Any CPU
		{C875D0FF-7B51-4F07-82CA-71C387C29BFE}.Release|Any CPU.Build.0 = Release|Any CPU
		{338461C9-3DAA-402A-81C4-2C3CC0A5557D}.Debug|Any CPU.ActiveCfg = Debug|Any CPU
		{338461C9-3DAA-402A-81C4-2C3CC0A5557D}.Debug|Any CPU.Build.0 = Debug|Any CPU
		{338461C9-3DAA-402A-81C4-2C3CC0A5557D}.Release|Any CPU.ActiveCfg = Release|Any CPU
		{338461C9-3DAA-402A-81C4-2C3CC0A5557D}.Release|Any CPU.Build.0 = Release|Any CPU
		{8CEE8B5E-8F89-4C49-8794-1E1B28C992AD}.Debug|Any CPU.ActiveCfg = Debug|Any CPU
		{8CEE8B5E-8F89-4C49-8794-1E1B28C992AD}.Debug|Any CPU.Build.0 = Debug|Any CPU
		{8CEE8B5E-8F89-4C49-8794-1E1B28C992AD}.Release|Any CPU.ActiveCfg = Release|Any CPU
		{8CEE8B5E-8F89-4C49-8794-1E1B28C992AD}.Release|Any CPU.Build.0 = Release|Any CPU
	EndGlobalSection
	GlobalSection(SolutionProperties) = preSolution
		HideSolutionNode = FALSE
	EndGlobalSection
EndGlobal
